// !$*UTF8*$!
{
	archiveVersion = 1;
	classes = {
	};
	objectVersion = 50;
	objects = {

/* Begin PBXBuildFile section */
		AFE303E4223FEF4B007C9BD0 /* AppDelegate.swift in Sources */ = {isa = PBXBuildFile; fileRef = AFE303E3223FEF4B007C9BD0 /* AppDelegate.swift */; };
		AFE303E6223FEF4B007C9BD0 /* MainViewController.swift in Sources */ = {isa = PBXBuildFile; fileRef = AFE303E5223FEF4B007C9BD0 /* MainViewController.swift */; };
		AFE303E9223FEF4B007C9BD0 /* Main.storyboard in Resources */ = {isa = PBXBuildFile; fileRef = AFE303E7223FEF4B007C9BD0 /* Main.storyboard */; };
		AFE303EB223FEF4D007C9BD0 /* Assets.xcassets in Resources */ = {isa = PBXBuildFile; fileRef = AFE303EA223FEF4D007C9BD0 /* Assets.xcassets */; };
		AFE303EE223FEF4D007C9BD0 /* LaunchScreen.storyboard in Resources */ = {isa = PBXBuildFile; fileRef = AFE303EC223FEF4D007C9BD0 /* LaunchScreen.storyboard */; };
		AFE303F6223FF46A007C9BD0 /* Friend.swift in Sources */ = {isa = PBXBuildFile; fileRef = AFE303F5223FF46A007C9BD0 /* Friend.swift */; };
		AFE303F822401E04007C9BD0 /* FriendViewController.swift in Sources */ = {isa = PBXBuildFile; fileRef = AFE303F722401E04007C9BD0 /* FriendViewController.swift */; };
		AFE303FA224027D2007C9BD0 /* NameTableViewCell.swift in Sources */ = {isa = PBXBuildFile; fileRef = AFE303F9224027D2007C9BD0 /* NameTableViewCell.swift */; };
		AFE303FC2244531A007C9BD0 /* int2TimeFormat.swift in Sources */ = {isa = PBXBuildFile; fileRef = AFE303FB2244531A007C9BD0 /* int2TimeFormat.swift */; };
		AFE303FE224569BC007C9BD0 /* Coordinator.swift in Sources */ = {isa = PBXBuildFile; fileRef = AFE303FD224569BC007C9BD0 /* Coordinator.swift */; };
		AFE3040022456A84007C9BD0 /* MainCoordinator.swift in Sources */ = {isa = PBXBuildFile; fileRef = AFE303FF22456A84007C9BD0 /* MainCoordinator.swift */; };
		AFE3040222456B67007C9BD0 /* StoryboarProtocol.swift in Sources */ = {isa = PBXBuildFile; fileRef = AFE3040122456B67007C9BD0 /* StoryboarProtocol.swift */; };
/* End PBXBuildFile section */

/* Begin PBXFileReference section */
		AFE303E0223FEF4B007C9BD0 /* TimezoneForFriends.app */ = {isa = PBXFileReference; explicitFileType = wrapper.application; includeInIndex = 0; path = TimezoneForFriends.app; sourceTree = BUILT_PRODUCTS_DIR; };
		AFE303E3223FEF4B007C9BD0 /* AppDelegate.swift */ = {isa = PBXFileReference; lastKnownFileType = sourcecode.swift; path = AppDelegate.swift; sourceTree = "<group>"; };
		AFE303E5223FEF4B007C9BD0 /* MainViewController.swift */ = {isa = PBXFileReference; lastKnownFileType = sourcecode.swift; path = MainViewController.swift; sourceTree = "<group>"; };
		AFE303E8223FEF4B007C9BD0 /* Base */ = {isa = PBXFileReference; lastKnownFileType = file.storyboard; name = Base; path = Base.lproj/Main.storyboard; sourceTree = "<group>"; };
		AFE303EA223FEF4D007C9BD0 /* Assets.xcassets */ = {isa = PBXFileReference; lastKnownFileType = folder.assetcatalog; path = Assets.xcassets; sourceTree = "<group>"; };
		AFE303ED223FEF4D007C9BD0 /* Base */ = {isa = PBXFileReference; lastKnownFileType = file.storyboard; name = Base; path = Base.lproj/LaunchScreen.storyboard; sourceTree = "<group>"; };
		AFE303EF223FEF4D007C9BD0 /* Info.plist */ = {isa = PBXFileReference; lastKnownFileType = text.plist.xml; path = Info.plist; sourceTree = "<group>"; };
		AFE303F5223FF46A007C9BD0 /* Friend.swift */ = {isa = PBXFileReference; lastKnownFileType = sourcecode.swift; path = Friend.swift; sourceTree = "<group>"; };
		AFE303F722401E04007C9BD0 /* FriendViewController.swift */ = {isa = PBXFileReference; lastKnownFileType = sourcecode.swift; path = FriendViewController.swift; sourceTree = "<group>"; };
		AFE303F9224027D2007C9BD0 /* NameTableViewCell.swift */ = {isa = PBXFileReference; lastKnownFileType = sourcecode.swift; path = NameTableViewCell.swift; sourceTree = "<group>"; };
		AFE303FB2244531A007C9BD0 /* int2TimeFormat.swift */ = {isa = PBXFileReference; lastKnownFileType = sourcecode.swift; path = int2TimeFormat.swift; sourceTree = "<group>"; };
		AFE303FD224569BC007C9BD0 /* Coordinator.swift */ = {isa = PBXFileReference; lastKnownFileType = sourcecode.swift; path = Coordinator.swift; sourceTree = "<group>"; };
		AFE303FF22456A84007C9BD0 /* MainCoordinator.swift */ = {isa = PBXFileReference; lastKnownFileType = sourcecode.swift; path = MainCoordinator.swift; sourceTree = "<group>"; };
		AFE3040122456B67007C9BD0 /* StoryboarProtocol.swift */ = {isa = PBXFileReference; lastKnownFileType = sourcecode.swift; path = StoryboarProtocol.swift; sourceTree = "<group>"; };
/* End PBXFileReference section */

/* Begin PBXFrameworksBuildPhase section */
		AFE303DD223FEF4B007C9BD0 /* Frameworks */ = {
			isa = PBXFrameworksBuildPhase;
			buildActionMask = 2147483647;
			files = (
			);
			runOnlyForDeploymentPostprocessing = 0;
		};
/* End PBXFrameworksBuildPhase section */

/* Begin PBXGroup section */
		AFE303D7223FEF4B007C9BD0 = {
			isa = PBXGroup;
			children = (
				AFE303E2223FEF4B007C9BD0 /* TimezoneForFriends */,
				AFE303E1223FEF4B007C9BD0 /* Products */,
			);
			sourceTree = "<group>";
		};
		AFE303E1223FEF4B007C9BD0 /* Products */ = {
			isa = PBXGroup;
			children = (
				AFE303E0223FEF4B007C9BD0 /* TimezoneForFriends.app */,
			);
			name = Products;
			sourceTree = "<group>";
		};
		AFE303E2223FEF4B007C9BD0 /* TimezoneForFriends */ = {
			isa = PBXGroup;
			children = (
				AFE303E3223FEF4B007C9BD0 /* AppDelegate.swift */,
				AFE303E5223FEF4B007C9BD0 /* MainViewController.swift */,
				AFE303FD224569BC007C9BD0 /* Coordinator.swift */,
				AFE303FF22456A84007C9BD0 /* MainCoordinator.swift */,
				AFE3040122456B67007C9BD0 /* StoryboarProtocol.swift */,
				AFE303F9224027D2007C9BD0 /* NameTableViewCell.swift */,
				AFE303E7223FEF4B007C9BD0 /* Main.storyboard */,
				AFE303F722401E04007C9BD0 /* FriendViewController.swift */,
				AFE303FB2244531A007C9BD0 /* int2TimeFormat.swift */,
				AFE303F5223FF46A007C9BD0 /* Friend.swift */,
				AFE303EA223FEF4D007C9BD0 /* Assets.xcassets */,
				AFE303EC223FEF4D007C9BD0 /* LaunchScreen.storyboard */,
				AFE303EF223FEF4D007C9BD0 /* Info.plist */,
			);
			path = TimezoneForFriends;
			sourceTree = "<group>";
		};
/* End PBXGroup section */

/* Begin PBXNativeTarget section */
		AFE303DF223FEF4B007C9BD0 /* TimezoneForFriends */ = {
			isa = PBXNativeTarget;
			buildConfigurationList = AFE303F2223FEF4D007C9BD0 /* Build configuration list for PBXNativeTarget "TimezoneForFriends" */;
			buildPhases = (
				AFE303DC223FEF4B007C9BD0 /* Sources */,
				AFE303DD223FEF4B007C9BD0 /* Frameworks */,
				AFE303DE223FEF4B007C9BD0 /* Resources */,
			);
			buildRules = (
			);
			dependencies = (
			);
			name = TimezoneForFriends;
			productName = TimezoneForFriends;
			productReference = AFE303E0223FEF4B007C9BD0 /* TimezoneForFriends.app */;
			productType = "com.apple.product-type.application";
		};
/* End PBXNativeTarget section */

/* Begin PBXProject section */
		AFE303D8223FEF4B007C9BD0 /* Project object */ = {
			isa = PBXProject;
			attributes = {
				LastSwiftUpdateCheck = 1010;
				LastUpgradeCheck = 1010;
				ORGANIZATIONNAME = C02PX1DFFVH5;
				TargetAttributes = {
					AFE303DF223FEF4B007C9BD0 = {
						CreatedOnToolsVersion = 10.1;
					};
				};
			};
			buildConfigurationList = AFE303DB223FEF4B007C9BD0 /* Build configuration list for PBXProject "TimezoneForFriends" */;
			compatibilityVersion = "Xcode 9.3";
			developmentRegion = en;
			hasScannedForEncodings = 0;
			knownRegions = (
				en,
				Base,
			);
			mainGroup = AFE303D7223FEF4B007C9BD0;
			productRefGroup = AFE303E1223FEF4B007C9BD0 /* Products */;
			projectDirPath = "";
			projectRoot = "";
			targets = (
				AFE303DF223FEF4B007C9BD0 /* TimezoneForFriends */,
			);
		};
/* End PBXProject section */

/* Begin PBXResourcesBuildPhase section */
		AFE303DE223FEF4B007C9BD0 /* Resources */ = {
			isa = PBXResourcesBuildPhase;
			buildActionMask = 2147483647;
			files = (
				AFE303EE223FEF4D007C9BD0 /* LaunchScreen.storyboard in Resources */,
				AFE303EB223FEF4D007C9BD0 /* Assets.xcassets in Resources */,
				AFE303E9223FEF4B007C9BD0 /* Main.storyboard in Resources */,
			);
			runOnlyForDeploymentPostprocessing = 0;
		};
/* End PBXResourcesBuildPhase section */

/* Begin PBXSourcesBuildPhase section */
		AFE303DC223FEF4B007C9BD0 /* Sources */ = {
			isa = PBXSourcesBuildPhase;
			buildActionMask = 2147483647;
			files = (
				AFE303F822401E04007C9BD0 /* FriendViewController.swift in Sources */,
				AFE3040022456A84007C9BD0 /* MainCoordinator.swift in Sources */,
				AFE303E6223FEF4B007C9BD0 /* MainViewController.swift in Sources */,
				AFE303F6223FF46A007C9BD0 /* Friend.swift in Sources */,
				AFE3040222456B67007C9BD0 /* StoryboarProtocol.swift in Sources */,
				AFE303E4223FEF4B007C9BD0 /* AppDelegate.swift in Sources */,
				AFE303FC2244531A007C9BD0 /* int2TimeFormat.swift in Sources */,
				AFE303FA224027D2007C9BD0 /* NameTableViewCell.swift in Sources */,
				AFE303FE224569BC007C9BD0 /* Coordinator.swift in Sources */,
			);
			runOnlyForDeploymentPostprocessing = 0;
		};
/* End PBXSourcesBuildPhase section */

/* Begin PBXVariantGroup section */
		AFE303E7223FEF4B007C9BD0 /* Main.storyboard */ = {
			isa = PBXVariantGroup;
			children = (
				AFE303E8223FEF4B007C9BD0 /* Base */,
			);
			name = Main.storyboard;
			sourceTree = "<group>";
		};
		AFE303EC223FEF4D007C9BD0 /* LaunchScreen.storyboard */ = {
			isa = PBXVariantGroup;
			children = (
				AFE303ED223FEF4D007C9BD0 /* Base */,
			);
			name = LaunchScreen.storyboard;
			sourceTree = "<group>";
		};
/* End PBXVariantGroup section */

/* Begin XCBuildConfiguration section */
		AFE303F0223FEF4D007C9BD0 /* Debug */ = {
			isa = XCBuildConfiguration;
			buildSettings = {
				ALWAYS_SEARCH_USER_PATHS = NO;
				CLANG_ANALYZER_NONNULL = YES;
				CLANG_ANALYZER_NUMBER_OBJECT_CONVERSION = YES_AGGRESSIVE;
				CLANG_CXX_LANGUAGE_STANDARD = "gnu++14";
				CLANG_CXX_LIBRARY = "libc++";
				CLANG_ENABLE_MODULES = YES;
				CLANG_ENABLE_OBJC_ARC = YES;
				CLANG_ENABLE_OBJC_WEAK = YES;
				CLANG_WARN_BLOCK_CAPTURE_AUTORELEASING = YES;
				CLANG_WARN_BOOL_CONVERSION = YES;
				CLANG_WARN_COMMA = YES;
				CLANG_WARN_CONSTANT_CONVERSION = YES;
				CLANG_WARN_DEPRECATED_OBJC_IMPLEMENTATIONS = YES;
				CLANG_WARN_DIRECT_OBJC_ISA_USAGE = YES_ERROR;
				CLANG_WARN_DOCUMENTATION_COMMENTS = YES;
				CLANG_WARN_EMPTY_BODY = YES;
				CLANG_WARN_ENUM_CONVERSION = YES;
				CLANG_WARN_INFINITE_RECURSION = YES;
				CLANG_WARN_INT_CONVERSION = YES;
				CLANG_WARN_NON_LITERAL_NULL_CONVERSION = YES;
				CLANG_WARN_OBJC_IMPLICIT_RETAIN_SELF = YES;
				CLANG_WARN_OBJC_LITERAL_CONVERSION = YES;
				CLANG_WARN_OBJC_ROOT_CLASS = YES_ERROR;
				CLANG_WARN_RANGE_LOOP_ANALYSIS = YES;
				CLANG_WARN_STRICT_PROTOTYPES = YES;
				CLANG_WARN_SUSPICIOUS_MOVE = YES;
				CLANG_WARN_UNGUARDED_AVAILABILITY = YES_AGGRESSIVE;
				CLANG_WARN_UNREACHABLE_CODE = YES;
				CLANG_WARN__DUPLICATE_METHOD_MATCH = YES;
				CODE_SIGN_IDENTITY = "iPhone Developer";
				COPY_PHASE_STRIP = NO;
				DEBUG_INFORMATION_FORMAT = dwarf;
				ENABLE_STRICT_OBJC_MSGSEND = YES;
				ENABLE_TESTABILITY = YES;
				GCC_C_LANGUAGE_STANDARD = gnu11;
				GCC_DYNAMIC_NO_PIC = NO;
				GCC_NO_COMMON_BLOCKS = YES;
				GCC_OPTIMIZATION_LEVEL = 0;
				GCC_PREPROCESSOR_DEFINITIONS = (
					"DEBUG=1",
					"$(inherited)",
				);
				GCC_WARN_64_TO_32_BIT_CONVERSION = YES;
				GCC_WARN_ABOUT_RETURN_TYPE = YES_ERROR;
				GCC_WARN_UNDECLARED_SELECTOR = YES;
				GCC_WARN_UNINITIALIZED_AUTOS = YES_AGGRESSIVE;
				GCC_WARN_UNUSED_FUNCTION = YES;
				GCC_WARN_UNUSED_VARIABLE = YES;
				IPHONEOS_DEPLOYMENT_TARGET = 12.1;
				MTL_ENABLE_DEBUG_INFO = INCLUDE_SOURCE;
				MTL_FAST_MATH = YES;
				ONLY_ACTIVE_ARCH = YES;
				SDKROOT = iphoneos;
				SWIFT_ACTIVE_COMPILATION_CONDITIONS = DEBUG;
				SWIFT_OPTIMIZATION_LEVEL = "-Onone";
			};
			name = Debug;
		};
		AFE303F1223FEF4D007C9BD0 /* Release */ = {
			isa = XCBuildConfiguration;
			buildSettings = {
				ALWAYS_SEARCH_USER_PATHS = NO;
				CLANG_ANALYZER_NONNULL = YES;
				CLANG_ANALYZER_NUMBER_OBJECT_CONVERSION = YES_AGGRESSIVE;
				CLANG_CXX_LANGUAGE_STANDARD = "gnu++14";
				CLANG_CXX_LIBRARY = "libc++";
				CLANG_ENABLE_MODULES = YES;
				CLANG_ENABLE_OBJC_ARC = YES;
				CLANG_ENABLE_OBJC_WEAK = YES;
				CLANG_WARN_BLOCK_CAPTURE_AUTORELEASING = YES;
				CLANG_WARN_BOOL_CONVERSION = YES;
				CLANG_WARN_COMMA = YES;
				CLANG_WARN_CONSTANT_CONVERSION = YES;
				CLANG_WARN_DEPRECATED_OBJC_IMPLEMENTATIONS = YES;
				CLANG_WARN_DIRECT_OBJC_ISA_USAGE = YES_ERROR;
				CLANG_WARN_DOCUMENTATION_COMMENTS = YES;
				CLANG_WARN_EMPTY_BODY = YES;
				CLANG_WARN_ENUM_CONVERSION = YES;
				CLANG_WARN_INFINITE_RECURSION = YES;
				CLANG_WARN_INT_CONVERSION = YES;
				CLANG_WARN_NON_LITERAL_NULL_CONVERSION = YES;
				CLANG_WARN_OBJC_IMPLICIT_RETAIN_SELF = YES;
				CLANG_WARN_OBJC_LITERAL_CONVERSION = YES;
				CLANG_WARN_OBJC_ROOT_CLASS = YES_ERROR;
				CLANG_WARN_RANGE_LOOP_ANALYSIS = YES;
				CLANG_WARN_STRICT_PROTOTYPES = YES;
				CLANG_WARN_SUSPICIOUS_MOVE = YES;
				CLANG_WARN_UNGUARDED_AVAILABILITY = YES_AGGRESSIVE;
				CLANG_WARN_UNREACHABLE_CODE = YES;
				CLANG_WARN__DUPLICATE_METHOD_MATCH = YES;
				CODE_SIGN_IDENTITY = "iPhone Developer";
				COPY_PHASE_STRIP = NO;
				DEBUG_INFORMATION_FORMAT = "dwarf-with-dsym";
				ENABLE_NS_ASSERTIONS = NO;
				ENABLE_STRICT_OBJC_MSGSEND = YES;
				GCC_C_LANGUAGE_STANDARD = gnu11;
				GCC_NO_COMMON_BLOCKS = YES;
				GCC_WARN_64_TO_32_BIT_CONVERSION = YES;
				GCC_WARN_ABOUT_RETURN_TYPE = YES_ERROR;
				GCC_WARN_UNDECLARED_SELECTOR = YES;
				GCC_WARN_UNINITIALIZED_AUTOS = YES_AGGRESSIVE;
				GCC_WARN_UNUSED_FUNCTION = YES;
				GCC_WARN_UNUSED_VARIABLE = YES;
				IPHONEOS_DEPLOYMENT_TARGET = 12.1;
				MTL_ENABLE_DEBUG_INFO = NO;
				MTL_FAST_MATH = YES;
				SDKROOT = iphoneos;
				SWIFT_COMPILATION_MODE = wholemodule;
				SWIFT_OPTIMIZATION_LEVEL = "-O";
				VALIDATE_PRODUCT = YES;
			};
			name = Release;
		};
		AFE303F3223FEF4D007C9BD0 /* Debug */ = {
			isa = XCBuildConfiguration;
			buildSettings = {
				ASSETCATALOG_COMPILER_APPICON_NAME = AppIcon;
				CODE_SIGN_STYLE = Automatic;
				INFOPLIST_FILE = TimezoneForFriends/Info.plist;
				LD_RUNPATH_SEARCH_PATHS = (
					"$(inherited)",
					"@executable_path/Frameworks",
				);
				PRODUCT_BUNDLE_IDENTIFIER = MAC.FriendsTime.TimezoneForFriends;
				PRODUCT_NAME = "$(TARGET_NAME)";
				SWIFT_VERSION = 4.2;
				TARGETED_DEVICE_FAMILY = "1,2";
			};
			name = Debug;
		};
		AFE303F4223FEF4D007C9BD0 /* Release */ = {
			isa = XCBuildConfiguration;
			buildSettings = {
				ASSETCATALOG_COMPILER_APPICON_NAME = AppIcon;
				CODE_SIGN_STYLE = Automatic;
				INFOPLIST_FILE = TimezoneForFriends/Info.plist;
				LD_RUNPATH_SEARCH_PATHS = (
					"$(inherited)",
					"@executable_path/Frameworks",
				);
				PRODUCT_BUNDLE_IDENTIFIER = MAC.FriendsTime.TimezoneForFriends;
				PRODUCT_NAME = "$(TARGET_NAME)";
				SWIFT_VERSION = 4.2;
				TARGETED_DEVICE_FAMILY = "1,2";
			};
			name = Release;
		};
/* End XCBuildConfiguration section */

/* Begin XCConfigurationList section */
		AFE303DB223FEF4B007C9BD0 /* Build configuration list for PBXProject "TimezoneForFriends" */ = {
			isa = XCConfigurationList;
			buildConfigurations = (
				AFE303F0223FEF4D007C9BD0 /* Debug */,
				AFE303F1223FEF4D007C9BD0 /* Release */,
			);
			defaultConfigurationIsVisible = 0;
			defaultConfigurationName = Release;
		};
		AFE303F2223FEF4D007C9BD0 /* Build configuration list for PBXNativeTarget "TimezoneForFriends" */ = {
			isa = XCConfigurationList;
			buildConfigurations = (
				AFE303F3223FEF4D007C9BD0 /* Debug */,
				AFE303F4223FEF4D007C9BD0 /* Release */,
			);
			defaultConfigurationIsVisible = 0;
			defaultConfigurationName = Release;
		};
/* End XCConfigurationList section */
	};
	rootObject = AFE303D8223FEF4B007C9BD0 /* Project object */;
}
